#MicroXplorer Configuration settings - do not modify
ADC1.Channel-6\#ChannelRegularConversion=ADC_CHANNEL_4
ADC1.Channel-7\#ChannelRegularConversion=ADC_CHANNEL_5
ADC1.Channel-8\#ChannelRegularConversion=ADC_CHANNEL_TEMPSENSOR
ADC1.Channel-9\#ChannelRegularConversion=ADC_CHANNEL_VREFINT
ADC1.ClockPrescaler=ADC_CLOCK_SYNC_PCLK_DIV8
ADC1.ContinuousConvMode=ENABLE
ADC1.DMAContinuousRequests=ENABLE
ADC1.EOCSelection=ADC_EOC_SEQ_CONV
ADC1.IPParameters=Rank-6\#ChannelRegularConversion,Channel-6\#ChannelRegularConversion,SamplingTime-6\#ChannelRegularConversion,NbrOfConversionFlag,master,Rank-7\#ChannelRegularConversion,Channel-7\#ChannelRegularConversion,SamplingTime-7\#ChannelRegularConversion,Rank-8\#ChannelRegularConversion,Channel-8\#ChannelRegularConversion,SamplingTime-8\#ChannelRegularConversion,Rank-9\#ChannelRegularConversion,Channel-9\#ChannelRegularConversion,SamplingTime-9\#ChannelRegularConversion,NbrOfConversion,ClockPrescaler,DMAContinuousRequests,ContinuousConvMode,EOCSelection
ADC1.NbrOfConversion=4
ADC1.NbrOfConversionFlag=1
ADC1.Rank-6\#ChannelRegularConversion=1
ADC1.Rank-7\#ChannelRegularConversion=2
ADC1.Rank-8\#ChannelRegularConversion=3
ADC1.Rank-9\#ChannelRegularConversion=4
ADC1.SamplingTime-6\#ChannelRegularConversion=ADC_SAMPLETIME_480CYCLES
ADC1.SamplingTime-7\#ChannelRegularConversion=ADC_SAMPLETIME_480CYCLES
ADC1.SamplingTime-8\#ChannelRegularConversion=ADC_SAMPLETIME_480CYCLES
ADC1.SamplingTime-9\#ChannelRegularConversion=ADC_SAMPLETIME_480CYCLES
ADC1.master=1
Dma.ADC1.0.Direction=DMA_PERIPH_TO_MEMORY
Dma.ADC1.0.FIFOMode=DMA_FIFOMODE_DISABLE
Dma.ADC1.0.Instance=DMA2_Stream0
Dma.ADC1.0.MemDataAlignment=DMA_MDATAALIGN_HALFWORD
Dma.ADC1.0.MemInc=DMA_MINC_ENABLE
Dma.ADC1.0.Mode=DMA_CIRCULAR
Dma.ADC1.0.PeriphDataAlignment=DMA_PDATAALIGN_HALFWORD
Dma.ADC1.0.PeriphInc=DMA_PINC_DISABLE
Dma.ADC1.0.Priority=DMA_PRIORITY_LOW
Dma.ADC1.0.RequestParameters=Instance,Direction,PeriphInc,MemInc,PeriphDataAlignment,MemDataAlignment,Mode,Priority,FIFOMode
Dma.Request0=ADC1
Dma.Request1=TIM1_CH1
Dma.Request2=TIM1_CH2
Dma.RequestsNb=3
Dma.TIM1_CH1.1.Direction=DMA_MEMORY_TO_PERIPH
Dma.TIM1_CH1.1.FIFOMode=DMA_FIFOMODE_DISABLE
Dma.TIM1_CH1.1.Instance=DMA2_Stream1
Dma.TIM1_CH1.1.MemDataAlignment=DMA_MDATAALIGN_HALFWORD
Dma.TIM1_CH1.1.MemInc=DMA_MINC_ENABLE
Dma.TIM1_CH1.1.Mode=DMA_CIRCULAR
Dma.TIM1_CH1.1.PeriphDataAlignment=DMA_PDATAALIGN_HALFWORD
Dma.TIM1_CH1.1.PeriphInc=DMA_PINC_DISABLE
Dma.TIM1_CH1.1.Priority=DMA_PRIORITY_HIGH
Dma.TIM1_CH1.1.RequestParameters=Instance,Direction,PeriphInc,MemInc,PeriphDataAlignment,MemDataAlignment,Mode,Priority,FIFOMode
Dma.TIM1_CH2.2.Direction=DMA_MEMORY_TO_PERIPH
Dma.TIM1_CH2.2.FIFOMode=DMA_FIFOMODE_DISABLE
Dma.TIM1_CH2.2.Instance=DMA2_Stream2
Dma.TIM1_CH2.2.MemDataAlignment=DMA_MDATAALIGN_HALFWORD
Dma.TIM1_CH2.2.MemInc=DMA_MINC_ENABLE
Dma.TIM1_CH2.2.Mode=DMA_CIRCULAR
Dma.TIM1_CH2.2.PeriphDataAlignment=DMA_PDATAALIGN_HALFWORD
Dma.TIM1_CH2.2.PeriphInc=DMA_PINC_DISABLE
Dma.TIM1_CH2.2.Priority=DMA_PRIORITY_HIGH
Dma.TIM1_CH2.2.RequestParameters=Instance,Direction,PeriphInc,MemInc,PeriphDataAlignment,MemDataAlignment,Mode,Priority,FIFOMode
FATFS.IPParameters=_USE_LFN,_FS_RPATH,_FS_EXFAT,_USE_FORWARD
FATFS._FS_EXFAT=0
FATFS._FS_RPATH=1
FATFS._USE_FORWARD=0
FATFS._USE_LFN=2
FSMC.AccessMode1=FSMC_ACCESS_MODE_A
FSMC.AddressSetupTime1=1
FSMC.BusTurnAroundDuration1=0
FSMC.DataSetupTime1=15
FSMC.ExtendedAddressSetupTime1=2
FSMC.ExtendedBusTurnAroundDuration1=0
FSMC.ExtendedDataSetupTime1=5
FSMC.ExtendedMode1=FSMC_EXTENDED_MODE_ENABLE
FSMC.IPParameters=AddressSetupTime1,DataSetupTime1,BusTurnAroundDuration1,ExtendedMode1,AccessMode1,ExtendedAddressSetupTime1,ExtendedDataSetupTime1,ExtendedBusTurnAroundDuration1
File.Version=6
KeepUserPlacement=false
Mcu.Family=STM32F4
Mcu.IP0=ADC1
Mcu.IP1=DMA
Mcu.IP10=SYS
Mcu.IP11=TIM1
Mcu.IP12=TIM3
Mcu.IP13=USART2
Mcu.IP14=USB_DEVICE
Mcu.IP15=USB_OTG_FS
Mcu.IP2=FATFS
Mcu.IP3=FSMC
Mcu.IP4=NVIC
Mcu.IP5=RCC
Mcu.IP6=RTC
Mcu.IP7=SDIO
Mcu.IP8=SPI1
Mcu.IP9=SPI2
Mcu.IPNb=16
Mcu.Name=STM32F407V(E-G)Tx
Mcu.Package=LQFP100
Mcu.Pin0=PE3
Mcu.Pin1=PE4
Mcu.Pin10=PA0-WKUP
Mcu.Pin11=PA2
Mcu.Pin12=PA3
Mcu.Pin13=PA4
Mcu.Pin14=PA5
Mcu.Pin15=PA6
Mcu.Pin16=PA7
Mcu.Pin17=PC4
Mcu.Pin18=PC5
Mcu.Pin19=PB0
Mcu.Pin2=PC14-OSC32_IN
Mcu.Pin20=PB1
Mcu.Pin21=PE7
Mcu.Pin22=PE8
Mcu.Pin23=PE9
Mcu.Pin24=PE10
Mcu.Pin25=PE11
Mcu.Pin26=PE12
Mcu.Pin27=PE13
Mcu.Pin28=PE14
Mcu.Pin29=PE15
Mcu.Pin3=PC15-OSC32_OUT
Mcu.Pin30=PB12
Mcu.Pin31=PB13
Mcu.Pin32=PB14
Mcu.Pin33=PB15
Mcu.Pin34=PD8
Mcu.Pin35=PD9
Mcu.Pin36=PD10
Mcu.Pin37=PD13
Mcu.Pin38=PD14
Mcu.Pin39=PD15
Mcu.Pin4=PH0-OSC_IN
Mcu.Pin40=PC8
Mcu.Pin41=PA8
Mcu.Pin42=PA9
Mcu.Pin43=PA10
Mcu.Pin44=PA11
Mcu.Pin45=PA12
Mcu.Pin46=PA13
Mcu.Pin47=PA14
Mcu.Pin48=PC12
Mcu.Pin49=PD0
Mcu.Pin5=PH1-OSC_OUT
Mcu.Pin50=PD1
Mcu.Pin51=PD2
Mcu.Pin52=PD4
Mcu.Pin53=PD5
Mcu.Pin54=PD7
Mcu.Pin55=PB3
Mcu.Pin56=PB4
Mcu.Pin57=PB5
Mcu.Pin58=PB6
Mcu.Pin59=PB7
Mcu.Pin6=PC0
Mcu.Pin60=PB8
Mcu.Pin61=VP_ADC1_TempSens_Input
Mcu.Pin62=VP_ADC1_Vref_Input
Mcu.Pin63=VP_FATFS_VS_SDIO
Mcu.Pin64=VP_RTC_VS_RTC_Activate
Mcu.Pin65=VP_RTC_VS_RTC_Calendar
Mcu.Pin66=VP_SYS_VS_tim2
Mcu.Pin67=VP_TIM1_VS_ClockSourceINT
Mcu.Pin68=VP_TIM3_VS_ClockSourceINT
Mcu.Pin69=VP_USB_DEVICE_VS_USB_DEVICE_MSC_FS
Mcu.Pin7=PC1
Mcu.Pin8=PC2
Mcu.Pin9=PC3
Mcu.PinsNb=70
Mcu.ThirdPartyNb=0
Mcu.UserConstants=
Mcu.UserName=STM32F407VETx
MxCube.Version=5.0.1
MxDb.Version=DB.5.0.1
NVIC.BusFault_IRQn=true\:0\:0\:false\:false\:true\:false
NVIC.DMA2_Stream0_IRQn=true\:0\:0\:true\:true\:true\:1\:false
NVIC.DMA2_Stream1_IRQn=true\:0\:0\:false\:true\:true\:2\:false
NVIC.DMA2_Stream2_IRQn=true\:0\:0\:false\:true\:true\:3\:false
NVIC.DebugMonitor_IRQn=true\:0\:0\:false\:false\:true\:false
NVIC.EXTI0_IRQn=true\:0\:0\:true\:false\:true\:true
NVIC.EXTI3_IRQn=true\:0\:0\:true\:false\:true\:true
NVIC.EXTI4_IRQn=true\:0\:0\:true\:false\:true\:true
NVIC.EXTI9_5_IRQn=true\:0\:0\:true\:false\:true\:true
NVIC.HardFault_IRQn=true\:0\:0\:false\:false\:true\:false
NVIC.MemoryManagement_IRQn=true\:0\:0\:false\:false\:true\:false
NVIC.NonMaskableInt_IRQn=true\:0\:0\:false\:false\:true\:false
NVIC.OTG_FS_IRQn=true\:0\:0\:true\:false\:true\:false
NVIC.PendSV_IRQn=true\:0\:0\:false\:false\:true\:false
NVIC.PriorityGroup=NVIC_PRIORITYGROUP_4
NVIC.SDIO_IRQn=true\:0\:0\:false\:false\:true\:true
NVIC.SVCall_IRQn=true\:0\:0\:false\:false\:true\:false
NVIC.SysTick_IRQn=true\:0\:0\:false\:false\:true\:false
NVIC.TIM2_IRQn=true\:0\:0\:false\:false\:true\:false
NVIC.TIM3_IRQn=true\:0\:0\:true\:true\:true\:4\:true
NVIC.TimeBase=TIM2_IRQn
NVIC.TimeBaseIP=TIM2
NVIC.UsageFault_IRQn=true\:0\:0\:false\:false\:true\:false
PA0-WKUP.GPIOParameters=GPIO_PuPd,GPIO_Label
PA0-WKUP.GPIO_Label=PIN_WKUP
PA0-WKUP.GPIO_PuPd=GPIO_PULLDOWN
PA0-WKUP.Locked=true
PA0-WKUP.Signal=GPXTI0
PA10.Locked=true
PA10.Signal=S_TIM1_CH3
PA11.Mode=Device_Only
PA11.Signal=USB_OTG_FS_DM
PA12.Mode=Device_Only
PA12.Signal=USB_OTG_FS_DP
PA13.Mode=Serial_Wire
PA13.Signal=SYS_JTMS-SWDIO
PA14.Mode=Serial_Wire
PA14.Signal=SYS_JTCK-SWCLK
PA2.Locked=true
PA2.Mode=Asynchronous
PA2.Signal=USART2_TX
PA3.Locked=true
PA3.Mode=Asynchronous
PA3.Signal=USART2_RX
PA4.Locked=true
PA4.Signal=ADCx_IN4
PA5.Locked=true
PA5.Signal=ADCx_IN5
PA6.GPIOParameters=GPIO_Label,GPIO_ModeDefaultOutputPP
PA6.GPIO_Label=LED1
PA6.GPIO_ModeDefaultOutputPP=GPIO_MODE_OUTPUT_OD
PA6.Locked=true
PA6.Signal=GPIO_Output
PA7.GPIOParameters=GPIO_Label,GPIO_ModeDefaultOutputPP
PA7.GPIO_Label=LED2
PA7.GPIO_ModeDefaultOutputPP=GPIO_MODE_OUTPUT_OD
PA7.Locked=true
PA7.Signal=GPIO_Output
PA8.Locked=true
PA8.Signal=S_TIM1_CH1
PA9.Locked=true
PA9.Signal=S_TIM1_CH2
PB0.GPIOParameters=GPIO_Label
PB0.GPIO_Label=FLASH_CS
PB0.Locked=true
PB0.Signal=GPIO_Output
PB1.Locked=true
PB1.Signal=S_TIM3_CH4
PB12.GPIOParameters=GPIO_Speed,PinState,GPIO_Label
PB12.GPIO_Label=TOUCH_CS
PB12.GPIO_Speed=GPIO_SPEED_FREQ_VERY_HIGH
PB12.Locked=true
PB12.PinState=GPIO_PIN_SET
PB12.Signal=GPIO_Output
PB13.Locked=true
PB13.Mode=Full_Duplex_Master
PB13.Signal=SPI2_SCK
PB14.Locked=true
PB14.Mode=Full_Duplex_Master
PB14.Signal=SPI2_MISO
PB15.Locked=true
PB15.Mode=Full_Duplex_Master
PB15.Signal=SPI2_MOSI
PB3.Mode=Full_Duplex_Master
PB3.Signal=SPI1_SCK
PB4.Mode=Full_Duplex_Master
PB4.Signal=SPI1_MISO
PB5.Mode=Full_Duplex_Master
PB5.Signal=SPI1_MOSI
PB6.GPIOParameters=GPIO_Label
PB6.GPIO_Label=NRF_CE
PB6.Locked=true
PB6.Signal=GPIO_Output
PB7.GPIOParameters=GPIO_Label
PB7.GPIO_Label=NRF_CS
PB7.Locked=true
PB7.Signal=GPIO_Output
PB8.GPIOParameters=GPIO_PuPd,GPIO_Label,GPIO_ModeDefaultEXTI
PB8.GPIO_Label=NRF_IRQ
PB8.GPIO_ModeDefaultEXTI=GPIO_MODE_IT_FALLING
PB8.GPIO_PuPd=GPIO_PULLUP
PB8.Locked=true
PB8.Signal=GPXTI8
PC0.GPIOParameters=PinState,GPIO_Label
PC0.GPIO_Label=KSCAN_ADDR0
PC0.Locked=true
PC0.PinState=GPIO_PIN_SET
PC0.Signal=GPIO_Output
PC1.GPIOParameters=PinState,GPIO_Label
PC1.GPIO_Label=KSCAN_ADDR1
PC1.Locked=true
PC1.PinState=GPIO_PIN_SET
PC1.Signal=GPIO_Output
PC12.Mode=SD_1_bit
PC12.Signal=SDIO_CK
PC14-OSC32_IN.Mode=LSE-External-Oscillator
PC14-OSC32_IN.Signal=RCC_OSC32_IN
PC15-OSC32_OUT.Mode=LSE-External-Oscillator
PC15-OSC32_OUT.Signal=RCC_OSC32_OUT
PC2.GPIOParameters=PinState,GPIO_Label
PC2.GPIO_Label=KSCAN_ADDR2
PC2.Locked=true
PC2.PinState=GPIO_PIN_SET
PC2.Signal=GPIO_Output
PC3.GPIOParameters=PinState,GPIO_Label
PC3.GPIO_Label=KSCAN_ADDR3
PC3.Locked=true
PC3.PinState=GPIO_PIN_SET
PC3.Signal=GPIO_Output
PC4.GPIOParameters=GPIO_PuPd,GPIO_Label
PC4.GPIO_Label=JY_KEY
PC4.GPIO_PuPd=GPIO_PULLUP
PC4.Locked=true
PC4.Signal=GPIO_Input
PC5.GPIOParameters=GPIO_PuPd,GPIO_Label,GPIO_ModeDefaultEXTI
PC5.GPIO_Label=T_PEN
PC5.GPIO_ModeDefaultEXTI=GPIO_MODE_IT_FALLING
PC5.GPIO_PuPd=GPIO_PULLUP
PC5.Locked=true
PC5.Signal=GPXTI5
PC8.Mode=SD_1_bit
PC8.Signal=SDIO_D0
PCC.Checker=false
PCC.Line=STM32F407/417
PCC.MCU=STM32F407V(E-G)Tx
PCC.PartNumber=STM32F407VETx
PCC.Seq0=0
PCC.Series=STM32F4
PCC.Temperature=25
PCC.Vdd=3.3
PD0.GPIOParameters=GPIO_Speed_High_Default
PD0.GPIO_Speed_High_Default=GPIO_SPEED_FREQ_HIGH
PD0.Mode=16b-d1
PD0.Signal=FSMC_D2
PD1.GPIOParameters=GPIO_Speed_High_Default
PD1.GPIO_Speed_High_Default=GPIO_SPEED_FREQ_HIGH
PD1.Mode=16b-d1
PD1.Signal=FSMC_D3
PD10.GPIOParameters=GPIO_Speed_High_Default
PD10.GPIO_Speed_High_Default=GPIO_SPEED_FREQ_HIGH
PD10.Mode=16b-d1
PD10.Signal=FSMC_D15
PD13.GPIOParameters=GPIO_Speed_High_Default
PD13.GPIO_Speed_High_Default=GPIO_SPEED_FREQ_HIGH
PD13.Mode=A18_1
PD13.Signal=FSMC_A18
PD14.GPIOParameters=GPIO_Speed_High_Default
PD14.GPIO_Speed_High_Default=GPIO_SPEED_FREQ_HIGH
PD14.Mode=16b-d1
PD14.Signal=FSMC_D0
PD15.GPIOParameters=GPIO_Speed_High_Default
PD15.GPIO_Speed_High_Default=GPIO_SPEED_FREQ_HIGH
PD15.Mode=16b-d1
PD15.Signal=FSMC_D1
PD2.Mode=SD_1_bit
PD2.Signal=SDIO_CMD
PD4.GPIOParameters=GPIO_Speed_High_Default
PD4.GPIO_Speed_High_Default=GPIO_SPEED_FREQ_HIGH
PD4.Mode=Lcd1
PD4.Signal=FSMC_NOE
PD5.GPIOParameters=GPIO_Speed_High_Default
PD5.GPIO_Speed_High_Default=GPIO_SPEED_FREQ_HIGH
PD5.Mode=Lcd1
PD5.Signal=FSMC_NWE
PD7.GPIOParameters=GPIO_Speed_High_Default
PD7.GPIO_Speed_High_Default=GPIO_SPEED_FREQ_HIGH
PD7.Mode=NorPsramChipSelect1_1
PD7.Signal=FSMC_NE1
PD8.GPIOParameters=GPIO_Speed_High_Default
PD8.GPIO_Speed_High_Default=GPIO_SPEED_FREQ_HIGH
PD8.Mode=16b-d1
PD8.Signal=FSMC_D13
PD9.GPIOParameters=GPIO_Speed_High_Default
PD9.GPIO_Speed_High_Default=GPIO_SPEED_FREQ_HIGH
PD9.Mode=16b-d1
PD9.Signal=FSMC_D14
PE10.GPIOParameters=GPIO_Speed_High_Default
PE10.GPIO_Speed_High_Default=GPIO_SPEED_FREQ_HIGH
PE10.Mode=16b-d1
PE10.Signal=FSMC_D7
PE11.GPIOParameters=GPIO_Speed_High_Default
PE11.GPIO_Speed_High_Default=GPIO_SPEED_FREQ_HIGH
PE11.Mode=16b-d1
PE11.Signal=FSMC_D8
PE12.GPIOParameters=GPIO_Speed_High_Default
PE12.GPIO_Speed_High_Default=GPIO_SPEED_FREQ_HIGH
PE12.Mode=16b-d1
PE12.Signal=FSMC_D9
PE13.GPIOParameters=GPIO_Speed_High_Default
PE13.GPIO_Speed_High_Default=GPIO_SPEED_FREQ_HIGH
PE13.Mode=16b-d1
PE13.Signal=FSMC_D10
PE14.GPIOParameters=GPIO_Speed_High_Default
PE14.GPIO_Speed_High_Default=GPIO_SPEED_FREQ_HIGH
PE14.Mode=16b-d1
PE14.Signal=FSMC_D11
PE15.GPIOParameters=GPIO_Speed_High_Default
PE15.GPIO_Speed_High_Default=GPIO_SPEED_FREQ_HIGH
PE15.Mode=16b-d1
PE15.Signal=FSMC_D12
PE3.GPIOParameters=GPIO_PuPd,GPIO_Label,GPIO_ModeDefaultEXTI
PE3.GPIO_Label=KEY1
PE3.GPIO_ModeDefaultEXTI=GPIO_MODE_IT_FALLING
PE3.GPIO_PuPd=GPIO_PULLUP
PE3.Locked=true
PE3.Signal=GPXTI3
PE4.GPIOParameters=GPIO_PuPd,GPIO_Label,GPIO_ModeDefaultEXTI
PE4.GPIO_Label=KEY0
PE4.GPIO_ModeDefaultEXTI=GPIO_MODE_IT_FALLING
PE4.GPIO_PuPd=GPIO_PULLUP
PE4.Locked=true
PE4.Signal=GPXTI4
PE7.GPIOParameters=GPIO_Speed_High_Default
PE7.GPIO_Speed_High_Default=GPIO_SPEED_FREQ_HIGH
PE7.Mode=16b-d1
PE7.Signal=FSMC_D4
PE8.GPIOParameters=GPIO_Speed_High_Default
PE8.GPIO_Speed_High_Default=GPIO_SPEED_FREQ_HIGH
PE8.Mode=16b-d1
PE8.Signal=FSMC_D5
PE9.GPIOParameters=GPIO_Speed_High_Default
PE9.GPIO_Speed_High_Default=GPIO_SPEED_FREQ_HIGH
PE9.Mode=16b-d1
PE9.Signal=FSMC_D6
PH0-OSC_IN.Mode=HSE-External-Oscillator
PH0-OSC_IN.Signal=RCC_OSC_IN
PH1-OSC_OUT.Mode=HSE-External-Oscillator
PH1-OSC_OUT.Signal=RCC_OSC_OUT
PinOutPanel.RotationAngle=0
ProjectManager.AskForMigrate=true
ProjectManager.BackupPrevious=false
ProjectManager.CompilerOptimize=3
ProjectManager.ComputerToolchain=false
ProjectManager.CoupleFile=false
ProjectManager.CustomerFirmwarePackage=
ProjectManager.DefaultFWLocation=true
ProjectManager.DeletePrevious=true
ProjectManager.DeviceId=STM32F407VETx
ProjectManager.FirmwarePackage=STM32Cube FW_F4 V1.23.0
ProjectManager.FreePins=false
ProjectManager.HalAssertFull=false
ProjectManager.HeapSize=0x200
ProjectManager.KeepUserCode=true
ProjectManager.LastFirmware=true
ProjectManager.LibraryCopy=1
ProjectManager.MainLocation=Src
ProjectManager.NoMain=false
ProjectManager.PreviousToolchain=SW4STM32
ProjectManager.ProjectBuild=false
ProjectManager.ProjectFileName=stm32f407ve_boardRT.ioc
ProjectManager.ProjectName=stm32f407ve_boardRT
ProjectManager.StackSize=0x400
ProjectManager.TargetToolchain=SW4STM32
ProjectManager.ToolChainLocation=
ProjectManager.UnderRoot=true
ProjectManager.functionlistsort=1-MX_GPIO_Init-GPIO-false-HAL-true,2-MX_DMA_Init-DMA-false-HAL-true,3-SystemClock_Config-RCC-false-HAL-false,4-MX_RTC_Init-RTC-false-HAL-true,5-MX_SDIO_SD_Init-SDIO-false-HAL-true,6-MX_SPI1_Init-SPI1-false-HAL-true,7-MX_FATFS_Init-FATFS-false-HAL-true,8-MX_USB_DEVICE_Init-USB_DEVICE-false-HAL-true,9-MX_FSMC_Init-FSMC-false-HAL-true,10-MX_SPI2_Init-SPI2-false-HAL-true,11-MX_ADC1_Init-ADC1-false-HAL-true,12-MX_TIM1_Init-TIM1-false-LL-true,13-MX_USART2_UART_Init-USART2-false-HAL-true,14-MX_TIM3_Init-TIM3-false-HAL-true
RCC.48MHZClocksFreq_Value=48000000
RCC.AHBFreq_Value=168000000
RCC.APB1CLKDivider=RCC_HCLK_DIV4
RCC.APB1Freq_Value=42000000
RCC.APB1TimFreq_Value=84000000
RCC.APB2CLKDivider=RCC_HCLK_DIV2
RCC.APB2Freq_Value=84000000
RCC.APB2TimFreq_Value=168000000
RCC.CortexFreq_Value=168000000
RCC.EthernetFreq_Value=168000000
RCC.FCLKCortexFreq_Value=168000000
RCC.FamilyName=M
RCC.HCLKFreq_Value=168000000
RCC.HSE_VALUE=8000000
RCC.HSI_VALUE=16000000
RCC.I2SClocksFreq_Value=192000000
RCC.IPParameters=48MHZClocksFreq_Value,AHBFreq_Value,APB1CLKDivider,APB1Freq_Value,APB1TimFreq_Value,APB2CLKDivider,APB2Freq_Value,APB2TimFreq_Value,CortexFreq_Value,EthernetFreq_Value,FCLKCortexFreq_Value,FamilyName,HCLKFreq_Value,HSE_VALUE,HSI_VALUE,I2SClocksFreq_Value,LSI_VALUE,MCO2PinFreq_Value,PLLCLKFreq_Value,PLLM,PLLN,PLLQ,PLLQCLKFreq_Value,RCC_RTC_Clock_Source,RCC_RTC_Clock_SourceVirtual,RTCFreq_Value,RTCHSEDivFreq_Value,SYSCLKFreq_VALUE,SYSCLKSource,VCOI2SOutputFreq_Value,VCOInputFreq_Value,VCOOutputFreq_Value,VcooutputI2S
RCC.LSI_VALUE=32000
RCC.MCO2PinFreq_Value=168000000
RCC.PLLCLKFreq_Value=168000000
RCC.PLLM=4
RCC.PLLN=168
RCC.PLLQ=7
RCC.PLLQCLKFreq_Value=48000000
RCC.RCC_RTC_Clock_Source=RCC_RTCCLKSOURCE_LSE
RCC.RCC_RTC_Clock_SourceVirtual=RCC_RTCCLKSOURCE_LSE
RCC.RTCFreq_Value=32768
RCC.RTCHSEDivFreq_Value=4000000
RCC.SYSCLKFreq_VALUE=168000000
RCC.SYSCLKSource=RCC_SYSCLKSOURCE_PLLCLK
RCC.VCOI2SOutputFreq_Value=384000000
RCC.VCOInputFreq_Value=2000000
RCC.VCOOutputFreq_Value=336000000
RCC.VcooutputI2S=192000000
SDIO.ClockBypass=SDIO_CLOCK_BYPASS_DISABLE
SDIO.ClockDiv=8
SDIO.HardwareFlowControl=SDIO_HARDWARE_FLOW_CONTROL_ENABLE
SDIO.IPParameters=ClockBypass,ClockDiv,HardwareFlowControl
SH.ADCx_IN4.0=ADC1_IN4,IN4
SH.ADCx_IN4.ConfNb=1
SH.ADCx_IN5.0=ADC1_IN5,IN5
SH.ADCx_IN5.ConfNb=1
SH.GPXTI0.0=GPIO_EXTI0
SH.GPXTI0.ConfNb=1
SH.GPXTI3.0=GPIO_EXTI3
SH.GPXTI3.ConfNb=1
SH.GPXTI4.0=GPIO_EXTI4
SH.GPXTI4.ConfNb=1
SH.GPXTI5.0=GPIO_EXTI5
SH.GPXTI5.ConfNb=1
SH.GPXTI8.0=GPIO_EXTI8
SH.GPXTI8.ConfNb=1
SH.S_TIM1_CH1.0=TIM1_CH1,PWM Generation1 CH1
SH.S_TIM1_CH1.ConfNb=1
SH.S_TIM1_CH2.0=TIM1_CH2,PWM Generation2 CH2
SH.S_TIM1_CH2.ConfNb=1
SH.S_TIM1_CH3.0=TIM1_CH3,PWM Generation3 CH3
SH.S_TIM1_CH3.ConfNb=1
SH.S_TIM3_CH4.0=TIM3_CH4,PWM Generation4 CH4
SH.S_TIM3_CH4.ConfNb=1
SPI1.CalculateBaudRate=42.0 MBits/s
SPI1.Direction=SPI_DIRECTION_2LINES
SPI1.IPParameters=VirtualType,Mode,Direction,CalculateBaudRate
SPI1.Mode=SPI_MODE_MASTER
SPI1.VirtualType=VM_MASTER
SPI2.BaudRatePrescaler=SPI_BAUDRATEPRESCALER_256
SPI2.CalculateBaudRate=164.062 KBits/s
SPI2.Direction=SPI_DIRECTION_2LINES
SPI2.IPParameters=VirtualType,Mode,Direction,CalculateBaudRate,BaudRatePrescaler
SPI2.Mode=SPI_MODE_MASTER
SPI2.VirtualType=VM_MASTER
TIM1.Channel-PWM\ Generation1\ CH1=TIM_CHANNEL_1
TIM1.Channel-PWM\ Generation2\ CH2=TIM_CHANNEL_2
TIM1.Channel-PWM\ Generation3\ CH3=TIM_CHANNEL_3
TIM1.IPParameters=Prescaler,Period,Channel-PWM Generation1 CH1,Channel-PWM Generation2 CH2,Channel-PWM Generation3 CH3
TIM1.Period=3809
TIM1.Prescaler=0
TIM3.Channel-PWM\ Generation4\ CH4=TIM_CHANNEL_4
TIM3.IPParameters=Channel-PWM Generation4 CH4,Prescaler,Period,Pulse-PWM Generation4 CH4
TIM3.Period=1000-1
TIM3.Prescaler=84-1
TIM3.Pulse-PWM\ Generation4\ CH4=500-1
USART2.IPParameters=VirtualMode
USART2.VirtualMode=VM_ASYNC
USB_DEVICE.CLASS_NAME_FS=MSC
USB_DEVICE.IPParameters=VirtualModeFS,CLASS_NAME_FS,VirtualMode-MSC_FS
USB_DEVICE.VirtualMode-MSC_FS=Msc
USB_DEVICE.VirtualModeFS=Msc_FS
USB_OTG_FS.IPParameters=VirtualMode
USB_OTG_FS.VirtualMode=Device_Only
VP_ADC1_TempSens_Input.Mode=IN-TempSens
VP_ADC1_TempSens_Input.Signal=ADC1_TempSens_Input
VP_ADC1_Vref_Input.Mode=IN-Vrefint
VP_ADC1_Vref_Input.Signal=ADC1_Vref_Input
VP_FATFS_VS_SDIO.Mode=SDIO
VP_FATFS_VS_SDIO.Signal=FATFS_VS_SDIO
VP_RTC_VS_RTC_Activate.Mode=RTC_Enabled
VP_RTC_VS_RTC_Activate.Signal=RTC_VS_RTC_Activate
VP_RTC_VS_RTC_Calendar.Mode=RTC_Calendar
VP_RTC_VS_RTC_Calendar.Signal=RTC_VS_RTC_Calendar
VP_SYS_VS_tim2.Mode=TIM2
VP_SYS_VS_tim2.Signal=SYS_VS_tim2
VP_TIM1_VS_ClockSourceINT.Mode=Internal
VP_TIM1_VS_ClockSourceINT.Signal=TIM1_VS_ClockSourceINT
VP_TIM3_VS_ClockSourceINT.Mode=Internal
VP_TIM3_VS_ClockSourceINT.Signal=TIM3_VS_ClockSourceINT
VP_USB_DEVICE_VS_USB_DEVICE_MSC_FS.Mode=MSC_FS
VP_USB_DEVICE_VS_USB_DEVICE_MSC_FS.Signal=USB_DEVICE_VS_USB_DEVICE_MSC_FS
board=stm32f407ve_board
